{
  "version": 4,
  "terraform_version": "1.3.9",
  "serial": 9,
  "lineage": "b3f5bbbd-6161-29c9-b862-fa756abe9e33",
  "outputs": {
    "cluster_id": {
      "value": "c9qbsvk700oika0n2pmv",
      "type": "string"
    },
    "db_id": {
      "value": "c9qbsvk700oika0n2pmv:test",
      "type": "string"
    },
    "user_db_id": {
      "value": "c9qbsvk700oika0n2pmv:app",
      "type": "string"
    }
  },
  "resources": [
    {
      "mode": "managed",
      "type": "yandex_vpc_network",
      "name": "vpc",
      "provider": "provider[\"registry.terraform.io/yandex-cloud/yandex\"]",
      "instances": [
        {
          "schema_version": 0,
          "attributes": {
            "created_at": "2023-04-11T12:04:22Z",
            "default_security_group_id": "",
            "description": "",
            "folder_id": "b1gvel5rak0sd02laom7",
            "id": "enpaj5cfaseb1f9pk4q8",
            "labels": {},
            "name": "develop",
            "subnet_ids": [
              "e9b97psq61jai413q4gp"
            ],
            "timeouts": null
          },
          "sensitive_attributes": [],
          "private": "eyJlMmJmYjczMC1lY2FhLTExZTYtOGY4OC0zNDM2M2JjN2M0YzAiOnsiY3JlYXRlIjo2MDAwMDAwMDAwMCwiZGVsZXRlIjo2MDAwMDAwMDAwMCwidXBkYXRlIjo2MDAwMDAwMDAwMH19"
        }
      ]
    },
    {
      "module": "module.mdb_mysql_cluster",
      "mode": "managed",
      "type": "yandex_mdb_mysql_cluster",
      "name": "mysql_cluster",
      "provider": "provider[\"registry.terraform.io/yandex-cloud/yandex\"]",
      "instances": [
        {
          "schema_version": 0,
          "attributes": {
            "access": [
              {
                "data_lens": false,
                "data_transfer": false,
                "web_sql": false
              }
            ],
            "allow_regeneration_host": false,
            "backup_retain_period_days": 7,
            "backup_window_start": [
              {
                "hours": 0,
                "minutes": 0
              }
            ],
            "created_at": "2023-04-11T12:04:24Z",
            "database": [],
            "deletion_protection": false,
            "description": "",
            "environment": "PRODUCTION",
            "folder_id": "b1gvel5rak0sd02laom7",
            "health": "DEGRADED",
            "host": [
              {
                "assign_public_ip": false,
                "backup_priority": 0,
                "fqdn": "rc1a-kgqu532qggupa0b4.mdb.yandexcloud.net",
                "name": "",
                "priority": 0,
                "replication_source": "",
                "replication_source_name": "",
                "subnet_id": "e9b97psq61jai413q4gp",
                "zone": "ru-central1-a"
              },
              {
                "assign_public_ip": false,
                "backup_priority": 0,
                "fqdn": "rc1b-875pch3uz81gxgl8.mdb.yandexcloud.net",
                "name": "",
                "priority": 0,
                "replication_source": "",
                "replication_source_name": "",
                "subnet_id": "e2lirhneki9ubcnq76em",
                "zone": "ru-central1-b"
              }
            ],
            "host_group_ids": [],
            "id": "c9qbsvk700oika0n2pmv",
            "labels": {},
            "maintenance_window": [
              {
                "day": "",
                "hour": 0,
                "type": "ANYTIME"
              }
            ],
            "mysql_config": {
              "binlog_transaction_dependency_tracking": "0",
              "log_slow_rate_type": "0",
              "sql_mode": "ONLY_FULL_GROUP_BY,STRICT_TRANS_TABLES,NO_ZERO_IN_DATE,NO_ZERO_DATE,ERROR_FOR_DIVISION_BY_ZERO,NO_ENGINE_SUBSTITUTION"
            },
            "name": "example",
            "network_id": "enpaj5cfaseb1f9pk4q8",
            "performance_diagnostics": [
              {
                "enabled": false,
                "sessions_sampling_interval": 60,
                "statements_sampling_interval": 600
              }
            ],
            "resources": [
              {
                "disk_size": 10,
                "disk_type_id": "network-hdd",
                "resource_preset_id": "b1.medium"
              }
            ],
            "restore": [],
            "security_group_ids": [],
            "status": "RUNNING",
            "timeouts": null,
            "user": [],
            "version": "8.0"
          },
          "sensitive_attributes": [],
          "private": "eyJlMmJmYjczMC1lY2FhLTExZTYtOGY4OC0zNDM2M2JjN2M0YzAiOnsiY3JlYXRlIjo5MDAwMDAwMDAwMDAsImRlbGV0ZSI6OTAwMDAwMDAwMDAwLCJ1cGRhdGUiOjM2MDAwMDAwMDAwMDB9fQ==",
          "dependencies": [
            "module.mdb_mysql_cluster.yandex_vpc_subnet.develop",
            "yandex_vpc_network.vpc"
          ]
        }
      ]
    },
    {
      "module": "module.mdb_mysql_cluster",
      "mode": "managed",
      "type": "yandex_vpc_subnet",
      "name": "develop",
      "provider": "provider[\"registry.terraform.io/yandex-cloud/yandex\"]",
      "instances": [
        {
          "index_key": "ru-central1-a",
          "schema_version": 0,
          "attributes": {
            "created_at": "2023-04-11T12:04:23Z",
            "description": "",
            "dhcp_options": [],
            "folder_id": "b1gvel5rak0sd02laom7",
            "id": "e9b97psq61jai413q4gp",
            "labels": {},
            "name": "ru-central1-a-10.0.1.0/24",
            "network_id": "enpaj5cfaseb1f9pk4q8",
            "route_table_id": "",
            "timeouts": null,
            "v4_cidr_blocks": [
              "10.0.1.0/24"
            ],
            "v6_cidr_blocks": [],
            "zone": "ru-central1-a"
          },
          "sensitive_attributes": [],
          "private": "eyJlMmJmYjczMC1lY2FhLTExZTYtOGY4OC0zNDM2M2JjN2M0YzAiOnsiY3JlYXRlIjoxODAwMDAwMDAwMDAsImRlbGV0ZSI6MTgwMDAwMDAwMDAwLCJ1cGRhdGUiOjE4MDAwMDAwMDAwMH19",
          "dependencies": [
            "yandex_vpc_network.vpc"
          ]
        },
        {
          "index_key": "ru-central1-b",
          "schema_version": 0,
          "attributes": {
            "created_at": "2023-04-11T12:15:22Z",
            "description": "",
            "dhcp_options": [],
            "folder_id": "b1gvel5rak0sd02laom7",
            "id": "e2lirhneki9ubcnq76em",
            "labels": {},
            "name": "ru-central1-b-10.0.2.0/24",
            "network_id": "enpaj5cfaseb1f9pk4q8",
            "route_table_id": "",
            "timeouts": null,
            "v4_cidr_blocks": [
              "10.0.2.0/24"
            ],
            "v6_cidr_blocks": [],
            "zone": "ru-central1-b"
          },
          "sensitive_attributes": [],
          "private": "eyJlMmJmYjczMC1lY2FhLTExZTYtOGY4OC0zNDM2M2JjN2M0YzAiOnsiY3JlYXRlIjoxODAwMDAwMDAwMDAsImRlbGV0ZSI6MTgwMDAwMDAwMDAwLCJ1cGRhdGUiOjE4MDAwMDAwMDAwMH19",
          "dependencies": [
            "yandex_vpc_network.vpc"
          ]
        }
      ]
    },
    {
      "module": "module.mng_database",
      "mode": "managed",
      "type": "yandex_mdb_mysql_database",
      "name": "db1",
      "provider": "provider[\"registry.terraform.io/yandex-cloud/yandex\"]",
      "instances": [
        {
          "schema_version": 0,
          "attributes": {
            "cluster_id": "c9qbsvk700oika0n2pmv",
            "id": "c9qbsvk700oika0n2pmv:test",
            "name": "test",
            "timeouts": null
          },
          "sensitive_attributes": [],
          "private": "eyJlMmJmYjczMC1lY2FhLTExZTYtOGY4OC0zNDM2M2JjN2M0YzAiOnsiY3JlYXRlIjo2MDAwMDAwMDAwMDAsImRlbGV0ZSI6NjAwMDAwMDAwMDAwLCJyZWFkIjo2MDAwMDAwMDAwMCwidXBkYXRlIjo2MDAwMDAwMDAwMDB9fQ==",
          "dependencies": [
            "module.mdb_mysql_cluster.yandex_mdb_mysql_cluster.mysql_cluster",
            "module.mdb_mysql_cluster.yandex_vpc_subnet.develop",
            "yandex_vpc_network.vpc"
          ]
        }
      ]
    },
    {
      "module": "module.mng_database",
      "mode": "managed",
      "type": "yandex_mdb_mysql_user",
      "name": "user_db",
      "provider": "provider[\"registry.terraform.io/yandex-cloud/yandex\"]",
      "instances": [
        {
          "schema_version": 0,
          "attributes": {
            "authentication_plugin": null,
            "cluster_id": "c9qbsvk700oika0n2pmv",
            "connection_limits": [],
            "global_permissions": [],
            "id": "c9qbsvk700oika0n2pmv:app",
            "name": "app",
            "password": "Qwerty@123",
            "permission": [
              {
                "database_name": "test",
                "roles": [
                  "SELECT",
                  "INSERT",
                  "UPDATE",
                  "DELETE"
                ]
              }
            ],
            "timeouts": null
          },
          "sensitive_attributes": [],
          "private": "eyJlMmJmYjczMC1lY2FhLTExZTYtOGY4OC0zNDM2M2JjN2M0YzAiOnsiY3JlYXRlIjo2MDAwMDAwMDAwMDAsImRlbGV0ZSI6NjAwMDAwMDAwMDAwLCJyZWFkIjo2MDAwMDAwMDAwMCwidXBkYXRlIjo2MDAwMDAwMDAwMDB9fQ==",
          "dependencies": [
            "module.mdb_mysql_cluster.yandex_mdb_mysql_cluster.mysql_cluster",
            "module.mdb_mysql_cluster.yandex_vpc_subnet.develop",
            "module.mng_database.yandex_mdb_mysql_database.db1",
            "yandex_vpc_network.vpc"
          ]
        }
      ]
    }
  ],
  "check_results": null
}
